
Microsoft Visual Studio Solution File, Format Version 12.00
# Visual Studio Version 17
VisualStudioVersion = 17.12.35527.113
MinimumVisualStudioVersion = 10.0.40219.1
Project("{2150E333-8FDC-42A3-9474-1A3956D46DE8}") = "NET6", "NET6", "{8D2883D4-6133-44B4-A683-2CC73A0013FA}"
EndProject
Project("{2150E333-8FDC-42A3-9474-1A3956D46DE8}") = "NET7", "NET7", "{5CDF1237-1D71-4492-92BF-396699BF23F6}"
EndProject
Project("{2150E333-8FDC-42A3-9474-1A3956D46DE8}") = "NET9", "NET9", "{DC604272-0FF6-432C-806D-CF9B7E4B7A7A}"
EndProject
Project("{FAE04EC0-301F-11D3-BF4B-00C04F79EFBC}") = "NET6_MaxByMinBy_Benchmark", "NET6\NET6_MaxByMinBy_Benchmark\NET6_MaxByMinBy_Benchmark.csproj", "{E7699474-A656-4655-B91F-2DC4A7641C3D}"
EndProject
Project("{FAE04EC0-301F-11D3-BF4B-00C04F79EFBC}") = "NET6_MaxByMinBySample", "NET6\NET6_MaxByMinBySample\NET6_MaxByMinBySample.csproj", "{FF9B6FDC-C65A-4A14-8936-FCA1576406CF}"
EndProject
Project("{FAE04EC0-301F-11D3-BF4B-00C04F79EFBC}") = "NET6_ChunkSample", "NET6\NET6_ChunkSample\NET6_ChunkSample.csproj", "{2744DA82-B2E7-4E72-B822-A9C97605AE69}"
EndProject
Project("{FAE04EC0-301F-11D3-BF4B-00C04F79EFBC}") = "NET6_ChunkBenchmark", "NET6\NET6_ChunkBenchmark\NET6_ChunkBenchmark.csproj", "{74A47DD6-B5EE-4C55-A198-DA056C3D93BC}"
EndProject
Project("{FAE04EC0-301F-11D3-BF4B-00C04F79EFBC}") = "NET6_NonEnumeratedCountSample", "NET6\NET6_NonEnumeratedCountSample\NET6_NonEnumeratedCountSample.csproj", "{358EDFAD-AC0D-40B4-86B6-C3E79C5D69D9}"
EndProject
Project("{FAE04EC0-301F-11D3-BF4B-00C04F79EFBC}") = "NET6_NonEnumeratedCountBenchmark", "NET6\NET6_NonEnumeratedCountBenchmark\NET6_NonEnumeratedCountBenchmark.csproj", "{85B20905-801D-4AB9-AB8B-DE880EA3CB7C}"
EndProject
Project("{FAE04EC0-301F-11D3-BF4B-00C04F79EFBC}") = "NET6_DefaultValueSample", "NET6\NET6_DefaultValueSample\NET6_DefaultValueSample.csproj", "{0A3FFD0B-7245-49C4-BAE8-76A13143096B}"
EndProject
Global
	GlobalSection(SolutionConfigurationPlatforms) = preSolution
		Debug|Any CPU = Debug|Any CPU
		Release|Any CPU = Release|Any CPU
	EndGlobalSection
	GlobalSection(ProjectConfigurationPlatforms) = postSolution
		{E7699474-A656-4655-B91F-2DC4A7641C3D}.Debug|Any CPU.ActiveCfg = Debug|Any CPU
		{E7699474-A656-4655-B91F-2DC4A7641C3D}.Debug|Any CPU.Build.0 = Debug|Any CPU
		{E7699474-A656-4655-B91F-2DC4A7641C3D}.Release|Any CPU.ActiveCfg = Release|Any CPU
		{E7699474-A656-4655-B91F-2DC4A7641C3D}.Release|Any CPU.Build.0 = Release|Any CPU
		{FF9B6FDC-C65A-4A14-8936-FCA1576406CF}.Debug|Any CPU.ActiveCfg = Debug|Any CPU
		{FF9B6FDC-C65A-4A14-8936-FCA1576406CF}.Debug|Any CPU.Build.0 = Debug|Any CPU
		{FF9B6FDC-C65A-4A14-8936-FCA1576406CF}.Release|Any CPU.ActiveCfg = Release|Any CPU
		{FF9B6FDC-C65A-4A14-8936-FCA1576406CF}.Release|Any CPU.Build.0 = Release|Any CPU
		{2744DA82-B2E7-4E72-B822-A9C97605AE69}.Debug|Any CPU.ActiveCfg = Debug|Any CPU
		{2744DA82-B2E7-4E72-B822-A9C97605AE69}.Debug|Any CPU.Build.0 = Debug|Any CPU
		{2744DA82-B2E7-4E72-B822-A9C97605AE69}.Release|Any CPU.ActiveCfg = Release|Any CPU
		{2744DA82-B2E7-4E72-B822-A9C97605AE69}.Release|Any CPU.Build.0 = Release|Any CPU
		{74A47DD6-B5EE-4C55-A198-DA056C3D93BC}.Debug|Any CPU.ActiveCfg = Debug|Any CPU
		{74A47DD6-B5EE-4C55-A198-DA056C3D93BC}.Debug|Any CPU.Build.0 = Debug|Any CPU
		{74A47DD6-B5EE-4C55-A198-DA056C3D93BC}.Release|Any CPU.ActiveCfg = Release|Any CPU
		{74A47DD6-B5EE-4C55-A198-DA056C3D93BC}.Release|Any CPU.Build.0 = Release|Any CPU
		{358EDFAD-AC0D-40B4-86B6-C3E79C5D69D9}.Debug|Any CPU.ActiveCfg = Debug|Any CPU
		{358EDFAD-AC0D-40B4-86B6-C3E79C5D69D9}.Debug|Any CPU.Build.0 = Debug|Any CPU
		{358EDFAD-AC0D-40B4-86B6-C3E79C5D69D9}.Release|Any CPU.ActiveCfg = Release|Any CPU
		{358EDFAD-AC0D-40B4-86B6-C3E79C5D69D9}.Release|Any CPU.Build.0 = Release|Any CPU
		{85B20905-801D-4AB9-AB8B-DE880EA3CB7C}.Debug|Any CPU.ActiveCfg = Debug|Any CPU
		{85B20905-801D-4AB9-AB8B-DE880EA3CB7C}.Debug|Any CPU.Build.0 = Debug|Any CPU
		{85B20905-801D-4AB9-AB8B-DE880EA3CB7C}.Release|Any CPU.ActiveCfg = Release|Any CPU
		{85B20905-801D-4AB9-AB8B-DE880EA3CB7C}.Release|Any CPU.Build.0 = Release|Any CPU
		{0A3FFD0B-7245-49C4-BAE8-76A13143096B}.Debug|Any CPU.ActiveCfg = Debug|Any CPU
		{0A3FFD0B-7245-49C4-BAE8-76A13143096B}.Debug|Any CPU.Build.0 = Debug|Any CPU
		{0A3FFD0B-7245-49C4-BAE8-76A13143096B}.Release|Any CPU.ActiveCfg = Release|Any CPU
		{0A3FFD0B-7245-49C4-BAE8-76A13143096B}.Release|Any CPU.Build.0 = Release|Any CPU
	EndGlobalSection
	GlobalSection(SolutionProperties) = preSolution
		HideSolutionNode = FALSE
	EndGlobalSection
	GlobalSection(NestedProjects) = preSolution
		{E7699474-A656-4655-B91F-2DC4A7641C3D} = {8D2883D4-6133-44B4-A683-2CC73A0013FA}
		{FF9B6FDC-C65A-4A14-8936-FCA1576406CF} = {8D2883D4-6133-44B4-A683-2CC73A0013FA}
		{2744DA82-B2E7-4E72-B822-A9C97605AE69} = {8D2883D4-6133-44B4-A683-2CC73A0013FA}
		{74A47DD6-B5EE-4C55-A198-DA056C3D93BC} = {8D2883D4-6133-44B4-A683-2CC73A0013FA}
		{358EDFAD-AC0D-40B4-86B6-C3E79C5D69D9} = {8D2883D4-6133-44B4-A683-2CC73A0013FA}
		{85B20905-801D-4AB9-AB8B-DE880EA3CB7C} = {8D2883D4-6133-44B4-A683-2CC73A0013FA}
		{0A3FFD0B-7245-49C4-BAE8-76A13143096B} = {8D2883D4-6133-44B4-A683-2CC73A0013FA}
	EndGlobalSection
EndGlobal
